
Microsoft Visual Studio Solution File, Format Version 12.00
# Visual Studio Version 17
VisualStudioVersion = 17.0.31903.59
MinimumVisualStudioVersion = 10.0.40219.1
Project("{2150E333-8FDC-42A3-9474-1A3956D46DE8}") = "src", "src", "{4C9745F1-97D0-4314-B877-6E9B3CC3013D}"
EndProject
Project("{FAE04EC0-301F-11D3-BF4B-00C04F79EFBC}") = "api", "src\api\api.csproj", "{B1950A40-E2D3-4590-B49D-0AF586141C9F}"
EndProject
Project("{FAE04EC0-301F-11D3-BF4B-00C04F79EFBC}") = "worker", "src\worker\worker.csproj", "{1BCB5554-A3D5-4F57-98D6-752985BD3A5A}"
EndProject
Project("{FAE04EC0-301F-11D3-BF4B-00C04F79EFBC}") = "common", "src\common\common.csproj", "{739207F7-59F4-427D-B9FA-9385E3ADBD0E}"
EndProject
Global
	GlobalSection(SolutionConfigurationPlatforms) = preSolution
		Debug|Any CPU = Debug|Any CPU
		Release|Any CPU = Release|Any CPU
	EndGlobalSection
	GlobalSection(SolutionProperties) = preSolution
		HideSolutionNode = FALSE
	EndGlobalSection
	GlobalSection(ProjectConfigurationPlatforms) = postSolution
		{B1950A40-E2D3-4590-B49D-0AF586141C9F}.Debug|Any CPU.ActiveCfg = Debug|Any CPU
		{B1950A40-E2D3-4590-B49D-0AF586141C9F}.Debug|Any CPU.Build.0 = Debug|Any CPU
		{B1950A40-E2D3-4590-B49D-0AF586141C9F}.Release|Any CPU.ActiveCfg = Release|Any CPU
		{B1950A40-E2D3-4590-B49D-0AF586141C9F}.Release|Any CPU.Build.0 = Release|Any CPU
		{1BCB5554-A3D5-4F57-98D6-752985BD3A5A}.Debug|Any CPU.ActiveCfg = Debug|Any CPU
		{1BCB5554-A3D5-4F57-98D6-752985BD3A5A}.Debug|Any CPU.Build.0 = Debug|Any CPU
		{1BCB5554-A3D5-4F57-98D6-752985BD3A5A}.Release|Any CPU.ActiveCfg = Release|Any CPU
		{1BCB5554-A3D5-4F57-98D6-752985BD3A5A}.Release|Any CPU.Build.0 = Release|Any CPU
		{739207F7-59F4-427D-B9FA-9385E3ADBD0E}.Debug|Any CPU.ActiveCfg = Debug|Any CPU
		{739207F7-59F4-427D-B9FA-9385E3ADBD0E}.Debug|Any CPU.Build.0 = Debug|Any CPU
		{739207F7-59F4-427D-B9FA-9385E3ADBD0E}.Release|Any CPU.ActiveCfg = Release|Any CPU
		{739207F7-59F4-427D-B9FA-9385E3ADBD0E}.Release|Any CPU.Build.0 = Release|Any CPU
	EndGlobalSection
	GlobalSection(NestedProjects) = preSolution
		{B1950A40-E2D3-4590-B49D-0AF586141C9F} = {4C9745F1-97D0-4314-B877-6E9B3CC3013D}
		{1BCB5554-A3D5-4F57-98D6-752985BD3A5A} = {4C9745F1-97D0-4314-B877-6E9B3CC3013D}
		{739207F7-59F4-427D-B9FA-9385E3ADBD0E} = {4C9745F1-97D0-4314-B877-6E9B3CC3013D}
	EndGlobalSection
EndGlobal
